
Microsoft Visual Studio Solution File, Format Version 12.00
# Visual Studio Version 16
VisualStudioVersion = 16.0.31105.61
MinimumVisualStudioVersion = 10.0.40219.1
Project("{9A19103F-16F7-4668-BE54-9A1E7A4F7556}") = "Proyecto_2_Clinica", "Proyecto_2_Clinica.csproj", "{04B3F716-1522-4C84-A401-C43D55229DCA}"
EndProject
Global
	GlobalSection(SolutionConfigurationPlatforms) = preSolution
		Debug|Any CPU = Debug|Any CPU
		Debug|x64 = Debug|x64
		Release|Any CPU = Release|Any CPU
		Release|x64 = Release|x64
	EndGlobalSection
	GlobalSection(ProjectConfigurationPlatforms) = postSolution
		{04B3F716-1522-4C84-A401-C43D55229DCA}.Debug|Any CPU.ActiveCfg = Debug|Any CPU
		{04B3F716-1522-4C84-A401-C43D55229DCA}.Debug|Any CPU.Build.0 = Debug|Any CPU
		{04B3F716-1522-4C84-A401-C43D55229DCA}.Debug|x64.ActiveCfg = Debug|x64
		{04B3F716-1522-4C84-A401-C43D55229DCA}.Debug|x64.Build.0 = Debug|x64
		{04B3F716-1522-4C84-A401-C43D55229DCA}.Release|Any CPU.ActiveCfg = Release|Any CPU
		{04B3F716-1522-4C84-A401-C43D55229DCA}.Release|Any CPU.Build.0 = Release|Any CPU
		{04B3F716-1522-4C84-A401-C43D55229DCA}.Release|x64.ActiveCfg = Release|x64
		{04B3F716-1522-4C84-A401-C43D55229DCA}.Release|x64.Build.0 = Release|x64
	EndGlobalSection
	GlobalSection(SolutionProperties) = preSolution
		HideSolutionNode = FALSE
	EndGlobalSection
	GlobalSection(ExtensibilityGlobals) = postSolution
		SolutionGuid = {45B32E60-2133-4854-991A-043D842DF42E}
	EndGlobalSection
EndGlobal
