
Microsoft Visual Studio Solution File, Format Version 11.00
# Visual Studio 2010
# SharpDevelop 5.1
Project("{FAE04EC0-301F-11D3-BF4B-00C04F79EFBC}") = "Ejercicio 1", "Práctica_1\Ejercicio 1.csproj", "{B9BCB6BE-925F-496C-B71E-F146A307BAD4}"
EndProject
Project("{FAE04EC0-301F-11D3-BF4B-00C04F79EFBC}") = "Ejercicio 2", "Ejercicio 2\Ejercicio 2.csproj", "{244FBF48-1024-49C3-B917-126E04856732}"
EndProject
Project("{FAE04EC0-301F-11D3-BF4B-00C04F79EFBC}") = "TP_1_Ej1", "TP_1\TP_1_Ej1.csproj", "{523D434E-1902-4704-B9C1-7258F3F7433D}"
EndProject
Project("{FAE04EC0-301F-11D3-BF4B-00C04F79EFBC}") = "TP_1_Ej2", "TP_1_Ej2\TP_1_Ej2.csproj", "{50D490D0-0996-49F6-811E-85E4E4C3E5B3}"
EndProject
Project("{FAE04EC0-301F-11D3-BF4B-00C04F79EFBC}") = "TP_1_Ej3", "TP_1_Ej3\TP_1_Ej3.csproj", "{02B3B5E6-3A1C-4DAA-82C0-5EC41C1ABFA6}"
EndProject
Project("{FAE04EC0-301F-11D3-BF4B-00C04F79EFBC}") = "TP_1_Ej4", "TP_1_Ej4\TP_1_Ej4.csproj", "{FA2C3E01-2846-4791-9DB4-8E0A74B9FB7E}"
EndProject
Project("{FAE04EC0-301F-11D3-BF4B-00C04F79EFBC}") = "TP_1_Ej5", "TP_1_Ej5\TP_1_Ej5.csproj", "{C4842820-03F9-4453-9C93-A497EC7581C5}"
EndProject
Project("{FAE04EC0-301F-11D3-BF4B-00C04F79EFBC}") = "TP_1_Ej6", "TP_1_Ej6\TP_1_Ej6.csproj", "{83A867AC-B301-4FE3-8283-4D297A62F4B7}"
EndProject
Project("{FAE04EC0-301F-11D3-BF4B-00C04F79EFBC}") = "TP_1_Ej7", "TP_1_Ej7\TP_1_Ej7.csproj", "{BEF15D06-E849-425D-B90E-85A19E7C1C6F}"
EndProject
Project("{FAE04EC0-301F-11D3-BF4B-00C04F79EFBC}") = "Ejercicio_3_Vectores", "Ejercicio_3_Vectores\Ejercicio_3_Vectores.csproj", "{70063327-F87D-434E-8AF8-54B40CDBBD34}"
EndProject
Project("{FAE04EC0-301F-11D3-BF4B-00C04F79EFBC}") = "TP_2_Ej1", "TP_2_Ej1\TP_2_Ej1.csproj", "{B470E24F-FACE-40EA-B891-333D213C20D0}"
EndProject
Project("{FAE04EC0-301F-11D3-BF4B-00C04F79EFBC}") = "TP_2_Ej2", "TP_2_Ej2\TP_2_Ej2.csproj", "{82EF2011-019C-4280-BB2C-60557CAA06BE}"
EndProject
Project("{FAE04EC0-301F-11D3-BF4B-00C04F79EFBC}") = "TP_2_Ej3", "TP_2_Ej3\TP_2_Ej3.csproj", "{6349C22F-4111-4823-BFDA-D6663BD0DA33}"
EndProject
Project("{FAE04EC0-301F-11D3-BF4B-00C04F79EFBC}") = "TP_2_Ej4", "TP_2_Ej4\TP_2_Ej4.csproj", "{D1DE8FA1-7E97-4502-8666-7D5AD5D36EC2}"
EndProject
Project("{FAE04EC0-301F-11D3-BF4B-00C04F79EFBC}") = "TP_2_Ej5", "TP_2_Ej5\TP_2_Ej5.csproj", "{1B9DFBB0-AE4F-4DE5-95B3-31F68757BF24}"
EndProject
Project("{FAE04EC0-301F-11D3-BF4B-00C04F79EFBC}") = "TP_2_Ej6", "TP_2_Ej6\TP_2_Ej6.csproj", "{9BEEB76B-68EF-4BC2-9B34-94A2A4AE673D}"
EndProject
Project("{FAE04EC0-301F-11D3-BF4B-00C04F79EFBC}") = "TP_2_Ej7", "TP_2_Ej7\TP_2_Ej7.csproj", "{F38C6796-F95C-4DC5-BA53-0F9759F11A84}"
EndProject
Project("{FAE04EC0-301F-11D3-BF4B-00C04F79EFBC}") = "Ejercicio_4_Array", "Ejercicio_4_Array\Ejercicio_4_Array.csproj", "{69A9B8E9-9F34-4475-935B-B348E61C2C4D}"
EndProject
Project("{FAE04EC0-301F-11D3-BF4B-00C04F79EFBC}") = "Ejercicio_5_Class", "Ejercicio_5_Class\Ejercicio_5_Class.csproj", "{6A56079A-BA3E-4591-896D-FA234B3CAC5A}"
EndProject
Project("{FAE04EC0-301F-11D3-BF4B-00C04F79EFBC}") = "TP_3_Ej1", "TP_3_Ej1\TP_3_Ej1.csproj", "{E2B13F1F-58FF-4AB5-8F4B-6A76ED5CD3C0}"
EndProject
Project("{FAE04EC0-301F-11D3-BF4B-00C04F79EFBC}") = "Ejemplo_Suma_Matriz_Diag", "Ejemplo_Suma_Matriz_Diag\Ejemplo_Suma_Matriz_Diag.csproj", "{EF98C756-D9A0-45BD-A835-8056E4413DE8}"
EndProject
Global
	GlobalSection(SolutionConfigurationPlatforms) = preSolution
		Debug|Any CPU = Debug|Any CPU
		Release|Any CPU = Release|Any CPU
	EndGlobalSection
	GlobalSection(ProjectConfigurationPlatforms) = postSolution
		{B9BCB6BE-925F-496C-B71E-F146A307BAD4}.Debug|Any CPU.ActiveCfg = Debug|Any CPU
		{B9BCB6BE-925F-496C-B71E-F146A307BAD4}.Debug|Any CPU.Build.0 = Debug|Any CPU
		{B9BCB6BE-925F-496C-B71E-F146A307BAD4}.Release|Any CPU.ActiveCfg = Release|Any CPU
		{B9BCB6BE-925F-496C-B71E-F146A307BAD4}.Release|Any CPU.Build.0 = Release|Any CPU
		{244FBF48-1024-49C3-B917-126E04856732}.Debug|Any CPU.ActiveCfg = Debug|Any CPU
		{244FBF48-1024-49C3-B917-126E04856732}.Debug|Any CPU.Build.0 = Debug|Any CPU
		{244FBF48-1024-49C3-B917-126E04856732}.Release|Any CPU.ActiveCfg = Release|Any CPU
		{244FBF48-1024-49C3-B917-126E04856732}.Release|Any CPU.Build.0 = Release|Any CPU
		{523D434E-1902-4704-B9C1-7258F3F7433D}.Debug|Any CPU.ActiveCfg = Debug|Any CPU
		{523D434E-1902-4704-B9C1-7258F3F7433D}.Debug|Any CPU.Build.0 = Debug|Any CPU
		{523D434E-1902-4704-B9C1-7258F3F7433D}.Release|Any CPU.ActiveCfg = Release|Any CPU
		{523D434E-1902-4704-B9C1-7258F3F7433D}.Release|Any CPU.Build.0 = Release|Any CPU
		{50D490D0-0996-49F6-811E-85E4E4C3E5B3}.Debug|Any CPU.ActiveCfg = Debug|Any CPU
		{50D490D0-0996-49F6-811E-85E4E4C3E5B3}.Debug|Any CPU.Build.0 = Debug|Any CPU
		{50D490D0-0996-49F6-811E-85E4E4C3E5B3}.Release|Any CPU.ActiveCfg = Release|Any CPU
		{50D490D0-0996-49F6-811E-85E4E4C3E5B3}.Release|Any CPU.Build.0 = Release|Any CPU
		{02B3B5E6-3A1C-4DAA-82C0-5EC41C1ABFA6}.Debug|Any CPU.ActiveCfg = Debug|Any CPU
		{02B3B5E6-3A1C-4DAA-82C0-5EC41C1ABFA6}.Debug|Any CPU.Build.0 = Debug|Any CPU
		{02B3B5E6-3A1C-4DAA-82C0-5EC41C1ABFA6}.Release|Any CPU.ActiveCfg = Release|Any CPU
		{02B3B5E6-3A1C-4DAA-82C0-5EC41C1ABFA6}.Release|Any CPU.Build.0 = Release|Any CPU
		{FA2C3E01-2846-4791-9DB4-8E0A74B9FB7E}.Debug|Any CPU.ActiveCfg = Debug|Any CPU
		{FA2C3E01-2846-4791-9DB4-8E0A74B9FB7E}.Debug|Any CPU.Build.0 = Debug|Any CPU
		{FA2C3E01-2846-4791-9DB4-8E0A74B9FB7E}.Release|Any CPU.ActiveCfg = Release|Any CPU
		{FA2C3E01-2846-4791-9DB4-8E0A74B9FB7E}.Release|Any CPU.Build.0 = Release|Any CPU
		{C4842820-03F9-4453-9C93-A497EC7581C5}.Debug|Any CPU.ActiveCfg = Debug|Any CPU
		{C4842820-03F9-4453-9C93-A497EC7581C5}.Debug|Any CPU.Build.0 = Debug|Any CPU
		{C4842820-03F9-4453-9C93-A497EC7581C5}.Release|Any CPU.ActiveCfg = Release|Any CPU
		{C4842820-03F9-4453-9C93-A497EC7581C5}.Release|Any CPU.Build.0 = Release|Any CPU
		{83A867AC-B301-4FE3-8283-4D297A62F4B7}.Debug|Any CPU.ActiveCfg = Debug|Any CPU
		{83A867AC-B301-4FE3-8283-4D297A62F4B7}.Debug|Any CPU.Build.0 = Debug|Any CPU
		{83A867AC-B301-4FE3-8283-4D297A62F4B7}.Release|Any CPU.ActiveCfg = Release|Any CPU
		{83A867AC-B301-4FE3-8283-4D297A62F4B7}.Release|Any CPU.Build.0 = Release|Any CPU
		{BEF15D06-E849-425D-B90E-85A19E7C1C6F}.Debug|Any CPU.ActiveCfg = Debug|Any CPU
		{BEF15D06-E849-425D-B90E-85A19E7C1C6F}.Debug|Any CPU.Build.0 = Debug|Any CPU
		{BEF15D06-E849-425D-B90E-85A19E7C1C6F}.Release|Any CPU.ActiveCfg = Release|Any CPU
		{BEF15D06-E849-425D-B90E-85A19E7C1C6F}.Release|Any CPU.Build.0 = Release|Any CPU
		{70063327-F87D-434E-8AF8-54B40CDBBD34}.Debug|Any CPU.ActiveCfg = Debug|Any CPU
		{70063327-F87D-434E-8AF8-54B40CDBBD34}.Debug|Any CPU.Build.0 = Debug|Any CPU
		{70063327-F87D-434E-8AF8-54B40CDBBD34}.Release|Any CPU.ActiveCfg = Release|Any CPU
		{70063327-F87D-434E-8AF8-54B40CDBBD34}.Release|Any CPU.Build.0 = Release|Any CPU
		{B470E24F-FACE-40EA-B891-333D213C20D0}.Debug|Any CPU.ActiveCfg = Debug|Any CPU
		{B470E24F-FACE-40EA-B891-333D213C20D0}.Debug|Any CPU.Build.0 = Debug|Any CPU
		{B470E24F-FACE-40EA-B891-333D213C20D0}.Release|Any CPU.ActiveCfg = Release|Any CPU
		{B470E24F-FACE-40EA-B891-333D213C20D0}.Release|Any CPU.Build.0 = Release|Any CPU
		{82EF2011-019C-4280-BB2C-60557CAA06BE}.Debug|Any CPU.ActiveCfg = Debug|Any CPU
		{82EF2011-019C-4280-BB2C-60557CAA06BE}.Debug|Any CPU.Build.0 = Debug|Any CPU
		{82EF2011-019C-4280-BB2C-60557CAA06BE}.Release|Any CPU.ActiveCfg = Release|Any CPU
		{82EF2011-019C-4280-BB2C-60557CAA06BE}.Release|Any CPU.Build.0 = Release|Any CPU
		{6349C22F-4111-4823-BFDA-D6663BD0DA33}.Debug|Any CPU.ActiveCfg = Debug|Any CPU
		{6349C22F-4111-4823-BFDA-D6663BD0DA33}.Debug|Any CPU.Build.0 = Debug|Any CPU
		{6349C22F-4111-4823-BFDA-D6663BD0DA33}.Release|Any CPU.ActiveCfg = Release|Any CPU
		{6349C22F-4111-4823-BFDA-D6663BD0DA33}.Release|Any CPU.Build.0 = Release|Any CPU
		{D1DE8FA1-7E97-4502-8666-7D5AD5D36EC2}.Debug|Any CPU.ActiveCfg = Debug|Any CPU
		{D1DE8FA1-7E97-4502-8666-7D5AD5D36EC2}.Debug|Any CPU.Build.0 = Debug|Any CPU
		{D1DE8FA1-7E97-4502-8666-7D5AD5D36EC2}.Release|Any CPU.ActiveCfg = Release|Any CPU
		{D1DE8FA1-7E97-4502-8666-7D5AD5D36EC2}.Release|Any CPU.Build.0 = Release|Any CPU
		{1B9DFBB0-AE4F-4DE5-95B3-31F68757BF24}.Debug|Any CPU.ActiveCfg = Debug|Any CPU
		{1B9DFBB0-AE4F-4DE5-95B3-31F68757BF24}.Debug|Any CPU.Build.0 = Debug|Any CPU
		{1B9DFBB0-AE4F-4DE5-95B3-31F68757BF24}.Release|Any CPU.ActiveCfg = Release|Any CPU
		{1B9DFBB0-AE4F-4DE5-95B3-31F68757BF24}.Release|Any CPU.Build.0 = Release|Any CPU
		{9BEEB76B-68EF-4BC2-9B34-94A2A4AE673D}.Debug|Any CPU.ActiveCfg = Debug|Any CPU
		{9BEEB76B-68EF-4BC2-9B34-94A2A4AE673D}.Debug|Any CPU.Build.0 = Debug|Any CPU
		{9BEEB76B-68EF-4BC2-9B34-94A2A4AE673D}.Release|Any CPU.ActiveCfg = Release|Any CPU
		{9BEEB76B-68EF-4BC2-9B34-94A2A4AE673D}.Release|Any CPU.Build.0 = Release|Any CPU
		{F38C6796-F95C-4DC5-BA53-0F9759F11A84}.Debug|Any CPU.ActiveCfg = Debug|Any CPU
		{F38C6796-F95C-4DC5-BA53-0F9759F11A84}.Debug|Any CPU.Build.0 = Debug|Any CPU
		{F38C6796-F95C-4DC5-BA53-0F9759F11A84}.Release|Any CPU.ActiveCfg = Release|Any CPU
		{F38C6796-F95C-4DC5-BA53-0F9759F11A84}.Release|Any CPU.Build.0 = Release|Any CPU
		{69A9B8E9-9F34-4475-935B-B348E61C2C4D}.Debug|Any CPU.ActiveCfg = Debug|Any CPU
		{69A9B8E9-9F34-4475-935B-B348E61C2C4D}.Debug|Any CPU.Build.0 = Debug|Any CPU
		{69A9B8E9-9F34-4475-935B-B348E61C2C4D}.Release|Any CPU.ActiveCfg = Release|Any CPU
		{69A9B8E9-9F34-4475-935B-B348E61C2C4D}.Release|Any CPU.Build.0 = Release|Any CPU
		{6A56079A-BA3E-4591-896D-FA234B3CAC5A}.Debug|Any CPU.ActiveCfg = Debug|Any CPU
		{6A56079A-BA3E-4591-896D-FA234B3CAC5A}.Debug|Any CPU.Build.0 = Debug|Any CPU
		{6A56079A-BA3E-4591-896D-FA234B3CAC5A}.Release|Any CPU.ActiveCfg = Release|Any CPU
		{6A56079A-BA3E-4591-896D-FA234B3CAC5A}.Release|Any CPU.Build.0 = Release|Any CPU
		{E2B13F1F-58FF-4AB5-8F4B-6A76ED5CD3C0}.Debug|Any CPU.ActiveCfg = Debug|Any CPU
		{E2B13F1F-58FF-4AB5-8F4B-6A76ED5CD3C0}.Debug|Any CPU.Build.0 = Debug|Any CPU
		{E2B13F1F-58FF-4AB5-8F4B-6A76ED5CD3C0}.Release|Any CPU.ActiveCfg = Release|Any CPU
		{E2B13F1F-58FF-4AB5-8F4B-6A76ED5CD3C0}.Release|Any CPU.Build.0 = Release|Any CPU
		{EF98C756-D9A0-45BD-A835-8056E4413DE8}.Debug|Any CPU.ActiveCfg = Debug|Any CPU
		{EF98C756-D9A0-45BD-A835-8056E4413DE8}.Debug|Any CPU.Build.0 = Debug|Any CPU
		{EF98C756-D9A0-45BD-A835-8056E4413DE8}.Release|Any CPU.ActiveCfg = Release|Any CPU
		{EF98C756-D9A0-45BD-A835-8056E4413DE8}.Release|Any CPU.Build.0 = Release|Any CPU
	EndGlobalSection
EndGlobal
