
Microsoft Visual Studio Solution File, Format Version 11.00
# Visual Studio 2010
# SharpDevelop 5.1
Project("{FAE04EC0-301F-11D3-BF4B-00C04F79EFBC}") = "Concesionario", "Concesionario\Concesionario.csproj", "{9BA87D59-DA3A-4DD6-8D46-9EB3D6E7B6D5}"
EndProject
Global
	GlobalSection(SolutionConfigurationPlatforms) = preSolution
		Debug|Any CPU = Debug|Any CPU
		Release|Any CPU = Release|Any CPU
	EndGlobalSection
	GlobalSection(ProjectConfigurationPlatforms) = postSolution
		{9BA87D59-DA3A-4DD6-8D46-9EB3D6E7B6D5}.Debug|Any CPU.ActiveCfg = Debug|Any CPU
		{9BA87D59-DA3A-4DD6-8D46-9EB3D6E7B6D5}.Debug|Any CPU.Build.0 = Debug|Any CPU
		{9BA87D59-DA3A-4DD6-8D46-9EB3D6E7B6D5}.Release|Any CPU.ActiveCfg = Release|Any CPU
		{9BA87D59-DA3A-4DD6-8D46-9EB3D6E7B6D5}.Release|Any CPU.Build.0 = Release|Any CPU
	EndGlobalSection
EndGlobal
